// !$*UTF8*$!
{
	archiveVersion = 1;
	classes = {
	};
	objectVersion = 46;
	objects = {

/* Begin PBXBuildFile section */
		2DD8513D1E86E50C00B85E62 /* AppDelegate.swift in Sources */ = {isa = PBXBuildFile; fileRef = 2DD8513C1E86E50C00B85E62 /* AppDelegate.swift */; };
		2DD8513F1E86E50C00B85E62 /* ViewController.swift in Sources */ = {isa = PBXBuildFile; fileRef = 2DD8513E1E86E50C00B85E62 /* ViewController.swift */; };
		2DD851421E86E50C00B85E62 /* Main.storyboard in Resources */ = {isa = PBXBuildFile; fileRef = 2DD851401E86E50C00B85E62 /* Main.storyboard */; };
		2DD851451E86E50C00B85E62 /* TheUOS.xcdatamodeld in Sources */ = {isa = PBXBuildFile; fileRef = 2DD851431E86E50C00B85E62 /* TheUOS.xcdatamodeld */; };
		2DD851471E86E50C00B85E62 /* Assets.xcassets in Resources */ = {isa = PBXBuildFile; fileRef = 2DD851461E86E50C00B85E62 /* Assets.xcassets */; };
		2DD8514A1E86E50C00B85E62 /* LaunchScreen.storyboard in Resources */ = {isa = PBXBuildFile; fileRef = 2DD851481E86E50C00B85E62 /* LaunchScreen.storyboard */; };
		2DD851551E86E50C00B85E62 /* TheUOSTests.swift in Sources */ = {isa = PBXBuildFile; fileRef = 2DD851541E86E50C00B85E62 /* TheUOSTests.swift */; };
/* End PBXBuildFile section */

/* Begin PBXContainerItemProxy section */
		2DD851511E86E50C00B85E62 /* PBXContainerItemProxy */ = {
			isa = PBXContainerItemProxy;
			containerPortal = 2DD851311E86E50C00B85E62 /* Project object */;
			proxyType = 1;
			remoteGlobalIDString = 2DD851381E86E50C00B85E62;
			remoteInfo = TheUOS;
		};
/* End PBXContainerItemProxy section */

/* Begin PBXFileReference section */
		2DD851391E86E50C00B85E62 /* TheUOS.app */ = {isa = PBXFileReference; explicitFileType = wrapper.application; includeInIndex = 0; path = TheUOS.app; sourceTree = BUILT_PRODUCTS_DIR; };
		2DD8513C1E86E50C00B85E62 /* AppDelegate.swift */ = {isa = PBXFileReference; lastKnownFileType = sourcecode.swift; path = AppDelegate.swift; sourceTree = "<group>"; };
		2DD8513E1E86E50C00B85E62 /* ViewController.swift */ = {isa = PBXFileReference; lastKnownFileType = sourcecode.swift; path = ViewController.swift; sourceTree = "<group>"; };
		2DD851411E86E50C00B85E62 /* Base */ = {isa = PBXFileReference; lastKnownFileType = file.storyboard; name = Base; path = Base.lproj/Main.storyboard; sourceTree = "<group>"; };
		2DD851441E86E50C00B85E62 /* TheUOS.xcdatamodel */ = {isa = PBXFileReference; lastKnownFileType = wrapper.xcdatamodel; path = TheUOS.xcdatamodel; sourceTree = "<group>"; };
		2DD851461E86E50C00B85E62 /* Assets.xcassets */ = {isa = PBXFileReference; lastKnownFileType = folder.assetcatalog; path = Assets.xcassets; sourceTree = "<group>"; };
		2DD851491E86E50C00B85E62 /* Base */ = {isa = PBXFileReference; lastKnownFileType = file.storyboard; name = Base; path = Base.lproj/LaunchScreen.storyboard; sourceTree = "<group>"; };
		2DD8514B1E86E50C00B85E62 /* Info.plist */ = {isa = PBXFileReference; lastKnownFileType = text.plist.xml; path = Info.plist; sourceTree = "<group>"; };
		2DD851501E86E50C00B85E62 /* TheUOSTests.xctest */ = {isa = PBXFileReference; explicitFileType = wrapper.cfbundle; includeInIndex = 0; path = TheUOSTests.xctest; sourceTree = BUILT_PRODUCTS_DIR; };
		2DD851541E86E50C00B85E62 /* TheUOSTests.swift */ = {isa = PBXFileReference; lastKnownFileType = sourcecode.swift; path = TheUOSTests.swift; sourceTree = "<group>"; };
		2DD851561E86E50C00B85E62 /* Info.plist */ = {isa = PBXFileReference; lastKnownFileType = text.plist.xml; path = Info.plist; sourceTree = "<group>"; };
/* End PBXFileReference section */

/* Begin PBXFrameworksBuildPhase section */
		2DD851361E86E50C00B85E62 /* Frameworks */ = {
			isa = PBXFrameworksBuildPhase;
			buildActionMask = 2147483647;
			files = (
			);
			runOnlyForDeploymentPostprocessing = 0;
		};
		2DD8514D1E86E50C00B85E62 /* Frameworks */ = {
			isa = PBXFrameworksBuildPhase;
			buildActionMask = 2147483647;
			files = (
			);
			runOnlyForDeploymentPostprocessing = 0;
		};
/* End PBXFrameworksBuildPhase section */

/* Begin PBXGroup section */
		2DD851301E86E50C00B85E62 = {
			isa = PBXGroup;
			children = (
				2DD8513B1E86E50C00B85E62 /* TheUOS */,
				2DD851531E86E50C00B85E62 /* TheUOSTests */,
				2DD8513A1E86E50C00B85E62 /* Products */,
			);
			sourceTree = "<group>";
		};
		2DD8513A1E86E50C00B85E62 /* Products */ = {
			isa = PBXGroup;
			children = (
				2DD851391E86E50C00B85E62 /* TheUOS.app */,
				2DD851501E86E50C00B85E62 /* TheUOSTests.xctest */,
			);
			name = Products;
			sourceTree = "<group>";
		};
		2DD8513B1E86E50C00B85E62 /* TheUOS */ = {
			isa = PBXGroup;
			children = (
				2DD8513C1E86E50C00B85E62 /* AppDelegate.swift */,
				2DD8513E1E86E50C00B85E62 /* ViewController.swift */,
				2DD851401E86E50C00B85E62 /* Main.storyboard */,
				2DD851461E86E50C00B85E62 /* Assets.xcassets */,
				2DD851481E86E50C00B85E62 /* LaunchScreen.storyboard */,
				2DD8514B1E86E50C00B85E62 /* Info.plist */,
				2DD851431E86E50C00B85E62 /* TheUOS.xcdatamodeld */,
			);
			path = TheUOS;
			sourceTree = "<group>";
		};
		2DD851531E86E50C00B85E62 /* TheUOSTests */ = {
			isa = PBXGroup;
			children = (
				2DD851541E86E50C00B85E62 /* TheUOSTests.swift */,
				2DD851561E86E50C00B85E62 /* Info.plist */,
			);
			path = TheUOSTests;
			sourceTree = "<group>";
		};
/* End PBXGroup section */

/* Begin PBXNativeTarget section */
		2DD851381E86E50C00B85E62 /* TheUOS */ = {
			isa = PBXNativeTarget;
			buildConfigurationList = 2DD851591E86E50C00B85E62 /* Build configuration list for PBXNativeTarget "TheUOS" */;
			buildPhases = (
				2DD851351E86E50C00B85E62 /* Sources */,
				2DD851361E86E50C00B85E62 /* Frameworks */,
				2DD851371E86E50C00B85E62 /* Resources */,
			);
			buildRules = (
			);
			dependencies = (
			);
			name = TheUOS;
			productName = TheUOS;
			productReference = 2DD851391E86E50C00B85E62 /* TheUOS.app */;
			productType = "com.apple.product-type.application";
		};
		2DD8514F1E86E50C00B85E62 /* TheUOSTests */ = {
			isa = PBXNativeTarget;
			buildConfigurationList = 2DD8515C1E86E50C00B85E62 /* Build configuration list for PBXNativeTarget "TheUOSTests" */;
			buildPhases = (
				2DD8514C1E86E50C00B85E62 /* Sources */,
				2DD8514D1E86E50C00B85E62 /* Frameworks */,
				2DD8514E1E86E50C00B85E62 /* Resources */,
			);
			buildRules = (
			);
			dependencies = (
				2DD851521E86E50C00B85E62 /* PBXTargetDependency */,
			);
			name = TheUOSTests;
			productName = TheUOSTests;
			productReference = 2DD851501E86E50C00B85E62 /* TheUOSTests.xctest */;
			productType = "com.apple.product-type.bundle.unit-test";
		};
/* End PBXNativeTarget section */

/* Begin PBXProject section */
		2DD851311E86E50C00B85E62 /* Project object */ = {
			isa = PBXProject;
			attributes = {
				LastSwiftUpdateCheck = 0820;
				LastUpgradeCheck = 0820;
				ORGANIZATIONNAME = uoscs09;
				TargetAttributes = {
					2DD851381E86E50C00B85E62 = {
						CreatedOnToolsVersion = 8.2.1;
						ProvisioningStyle = Automatic;
					};
					2DD8514F1E86E50C00B85E62 = {
						CreatedOnToolsVersion = 8.2.1;
						ProvisioningStyle = Automatic;
						TestTargetID = 2DD851381E86E50C00B85E62;
					};
				};
			};
			buildConfigurationList = 2DD851341E86E50C00B85E62 /* Build configuration list for PBXProject "TheUOS" */;
			compatibilityVersion = "Xcode 3.2";
			developmentRegion = English;
			hasScannedForEncodings = 0;
			knownRegions = (
				en,
				Base,
			);
			mainGroup = 2DD851301E86E50C00B85E62;
			productRefGroup = 2DD8513A1E86E50C00B85E62 /* Products */;
			projectDirPath = "";
			projectRoot = "";
			targets = (
				2DD851381E86E50C00B85E62 /* TheUOS */,
				2DD8514F1E86E50C00B85E62 /* TheUOSTests */,
			);
		};
/* End PBXProject section */

/* Begin PBXResourcesBuildPhase section */
		2DD851371E86E50C00B85E62 /* Resources */ = {
			isa = PBXResourcesBuildPhase;
			buildActionMask = 2147483647;
			files = (
				2DD8514A1E86E50C00B85E62 /* LaunchScreen.storyboard in Resources */,
				2DD851471E86E50C00B85E62 /* Assets.xcassets in Resources */,
				2DD851421E86E50C00B85E62 /* Main.storyboard in Resources */,
			);
			runOnlyForDeploymentPostprocessing = 0;
		};
		2DD8514E1E86E50C00B85E62 /* Resources */ = {
			isa = PBXResourcesBuildPhase;
			buildActionMask = 2147483647;
			files = (
			);
			runOnlyForDeploymentPostprocessing = 0;
		};
/* End PBXResourcesBuildPhase section */

/* Begin PBXSourcesBuildPhase section */
		2DD851351E86E50C00B85E62 /* Sources */ = {
			isa = PBXSourcesBuildPhase;
			buildActionMask = 2147483647;
			files = (
				2DD851451E86E50C00B85E62 /* TheUOS.xcdatamodeld in Sources */,
				2DD8513F1E86E50C00B85E62 /* ViewController.swift in Sources */,
				2DD8513D1E86E50C00B85E62 /* AppDelegate.swift in Sources */,
			);
			runOnlyForDeploymentPostprocessing = 0;
		};
		2DD8514C1E86E50C00B85E62 /* Sources */ = {
			isa = PBXSourcesBuildPhase;
			buildActionMask = 2147483647;
			files = (
				2DD851551E86E50C00B85E62 /* TheUOSTests.swift in Sources */,
			);
			runOnlyForDeploymentPostprocessing = 0;
		};
/* End PBXSourcesBuildPhase section */

/* Begin PBXTargetDependency section */
		2DD851521E86E50C00B85E62 /* PBXTargetDependency */ = {
			isa = PBXTargetDependency;
			target = 2DD851381E86E50C00B85E62 /* TheUOS */;
			targetProxy = 2DD851511E86E50C00B85E62 /* PBXContainerItemProxy */;
		};
/* End PBXTargetDependency section */

/* Begin PBXVariantGroup section */
		2DD851401E86E50C00B85E62 /* Main.storyboard */ = {
			isa = PBXVariantGroup;
			children = (
				2DD851411E86E50C00B85E62 /* Base */,
			);
			name = Main.storyboard;
			sourceTree = "<group>";
		};
		2DD851481E86E50C00B85E62 /* LaunchScreen.storyboard */ = {
			isa = PBXVariantGroup;
			children = (
				2DD851491E86E50C00B85E62 /* Base */,
			);
			name = LaunchScreen.storyboard;
			sourceTree = "<group>";
		};
/* End PBXVariantGroup section */

/* Begin XCBuildConfiguration section */
		2DD851571E86E50C00B85E62 /* Debug */ = {
			isa = XCBuildConfiguration;
			buildSettings = {
				ALWAYS_SEARCH_USER_PATHS = NO;
				CLANG_ANALYZER_NONNULL = YES;
				CLANG_CXX_LANGUAGE_STANDARD = "gnu++0x";
				CLANG_CXX_LIBRARY = "libc++";
				CLANG_ENABLE_MODULES = YES;
				CLANG_ENABLE_OBJC_ARC = YES;
				CLANG_WARN_BOOL_CONVERSION = YES;
				CLANG_WARN_CONSTANT_CONVERSION = YES;
				CLANG_WARN_DIRECT_OBJC_ISA_USAGE = YES_ERROR;
				CLANG_WARN_DOCUMENTATION_COMMENTS = YES;
				CLANG_WARN_EMPTY_BODY = YES;
				CLANG_WARN_ENUM_CONVERSION = YES;
				CLANG_WARN_INFINITE_RECURSION = YES;
				CLANG_WARN_INT_CONVERSION = YES;
				CLANG_WARN_OBJC_ROOT_CLASS = YES_ERROR;
				CLANG_WARN_SUSPICIOUS_MOVE = YES;
				CLANG_WARN_UNREACHABLE_CODE = YES;
				CLANG_WARN__DUPLICATE_METHOD_MATCH = YES;
				"CODE_SIGN_IDENTITY[sdk=iphoneos*]" = "iPhone Developer";
				COPY_PHASE_STRIP = NO;
				DEBUG_INFORMATION_FORMAT = dwarf;
				ENABLE_STRICT_OBJC_MSGSEND = YES;
				ENABLE_TESTABILITY = YES;
				GCC_C_LANGUAGE_STANDARD = gnu99;
				GCC_DYNAMIC_NO_PIC = NO;
				GCC_NO_COMMON_BLOCKS = YES;
				GCC_OPTIMIZATION_LEVEL = 0;
				GCC_PREPROCESSOR_DEFINITIONS = (
					"DEBUG=1",
					"$(inherited)",
				);
				GCC_WARN_64_TO_32_BIT_CONVERSION = YES;
				GCC_WARN_ABOUT_RETURN_TYPE = YES_ERROR;
				GCC_WARN_UNDECLARED_SELECTOR = YES;
				GCC_WARN_UNINITIALIZED_AUTOS = YES_AGGRESSIVE;
				GCC_WARN_UNUSED_FUNCTION = YES;
				GCC_WARN_UNUSED_VARIABLE = YES;
				IPHONEOS_DEPLOYMENT_TARGET = 10.2;
				MTL_ENABLE_DEBUG_INFO = YES;
				ONLY_ACTIVE_ARCH = YES;
				SDKROOT = iphoneos;
				SWIFT_ACTIVE_COMPILATION_CONDITIONS = DEBUG;
				SWIFT_OPTIMIZATION_LEVEL = "-Onone";
			};
			name = Debug;
		};
		2DD851581E86E50C00B85E62 /* Release */ = {
			isa = XCBuildConfiguration;
			buildSettings = {
				ALWAYS_SEARCH_USER_PATHS = NO;
				CLANG_ANALYZER_NONNULL = YES;
				CLANG_CXX_LANGUAGE_STANDARD = "gnu++0x";
				CLANG_CXX_LIBRARY = "libc++";
				CLANG_ENABLE_MODULES = YES;
				CLANG_ENABLE_OBJC_ARC = YES;
				CLANG_WARN_BOOL_CONVERSION = YES;
				CLANG_WARN_CONSTANT_CONVERSION = YES;
				CLANG_WARN_DIRECT_OBJC_ISA_USAGE = YES_ERROR;
				CLANG_WARN_DOCUMENTATION_COMMENTS = YES;
				CLANG_WARN_EMPTY_BODY = YES;
				CLANG_WARN_ENUM_CONVERSION = YES;
				CLANG_WARN_INFINITE_RECURSION = YES;
				CLANG_WARN_INT_CONVERSION = YES;
				CLANG_WARN_OBJC_ROOT_CLASS = YES_ERROR;
				CLANG_WARN_SUSPICIOUS_MOVE = YES;
				CLANG_WARN_UNREACHABLE_CODE = YES;
				CLANG_WARN__DUPLICATE_METHOD_MATCH = YES;
				"CODE_SIGN_IDENTITY[sdk=iphoneos*]" = "iPhone Developer";
				COPY_PHASE_STRIP = NO;
				DEBUG_INFORMATION_FORMAT = "dwarf-with-dsym";
				ENABLE_NS_ASSERTIONS = NO;
				ENABLE_STRICT_OBJC_MSGSEND = YES;
				GCC_C_LANGUAGE_STANDARD = gnu99;
				GCC_NO_COMMON_BLOCKS = YES;
				GCC_WARN_64_TO_32_BIT_CONVERSION = YES;
				GCC_WARN_ABOUT_RETURN_TYPE = YES_ERROR;
				GCC_WARN_UNDECLARED_SELECTOR = YES;
				GCC_WARN_UNINITIALIZED_AUTOS = YES_AGGRESSIVE;
				GCC_WARN_UNUSED_FUNCTION = YES;
				GCC_WARN_UNUSED_VARIABLE = YES;
				IPHONEOS_DEPLOYMENT_TARGET = 10.2;
				MTL_ENABLE_DEBUG_INFO = NO;
				SDKROOT = iphoneos;
				SWIFT_OPTIMIZATION_LEVEL = "-Owholemodule";
				VALIDATE_PRODUCT = YES;
			};
			name = Release;
		};
		2DD8515A1E86E50C00B85E62 /* Debug */ = {
			isa = XCBuildConfiguration;
			buildSettings = {
				ASSETCATALOG_COMPILER_APPICON_NAME = AppIcon;
				INFOPLIST_FILE = TheUOS/Info.plist;
				LD_RUNPATH_SEARCH_PATHS = "$(inherited) @executable_path/Frameworks";
				PRODUCT_BUNDLE_IDENTIFIER = com.uoscs09.TheUOS;
				PRODUCT_NAME = "$(TARGET_NAME)";
				SWIFT_VERSION = 3.0;
			};
			name = Debug;
		};
		2DD8515B1E86E50C00B85E62 /* Release */ = {
			isa = XCBuildConfiguration;
			buildSettings = {
				ASSETCATALOG_COMPILER_APPICON_NAME = AppIcon;
				INFOPLIST_FILE = TheUOS/Info.plist;
				LD_RUNPATH_SEARCH_PATHS = "$(inherited) @executable_path/Frameworks";
				PRODUCT_BUNDLE_IDENTIFIER = com.uoscs09.TheUOS;
				PRODUCT_NAME = "$(TARGET_NAME)";
				SWIFT_VERSION = 3.0;
			};
			name = Release;
		};
		2DD8515D1E86E50C00B85E62 /* Debug */ = {
			isa = XCBuildConfiguration;
			buildSettings = {
				ALWAYS_EMBED_SWIFT_STANDARD_LIBRARIES = YES;
				BUNDLE_LOADER = "$(TEST_HOST)";
				INFOPLIST_FILE = TheUOSTests/Info.plist;
				LD_RUNPATH_SEARCH_PATHS = "$(inherited) @executable_path/Frameworks @loader_path/Frameworks";
				PRODUCT_BUNDLE_IDENTIFIER = com.uoscs09.TheUOSTests;
				PRODUCT_NAME = "$(TARGET_NAME)";
				SWIFT_VERSION = 3.0;
				TEST_HOST = "$(BUILT_PRODUCTS_DIR)/TheUOS.app/TheUOS";
			};
			name = Debug;
		};
		2DD8515E1E86E50C00B85E62 /* Release */ = {
			isa = XCBuildConfiguration;
			buildSettings = {
				ALWAYS_EMBED_SWIFT_STANDARD_LIBRARIES = YES;
				BUNDLE_LOADER = "$(TEST_HOST)";
				INFOPLIST_FILE = TheUOSTests/Info.plist;
				LD_RUNPATH_SEARCH_PATHS = "$(inherited) @executable_path/Frameworks @loader_path/Frameworks";
				PRODUCT_BUNDLE_IDENTIFIER = com.uoscs09.TheUOSTests;
				PRODUCT_NAME = "$(TARGET_NAME)";
				SWIFT_VERSION = 3.0;
				TEST_HOST = "$(BUILT_PRODUCTS_DIR)/TheUOS.app/TheUOS";
			};
			name = Release;
		};
/* End XCBuildConfiguration section */

/* Begin XCConfigurationList section */
		2DD851341E86E50C00B85E62 /* Build configuration list for PBXProject "TheUOS" */ = {
			isa = XCConfigurationList;
			buildConfigurations = (
				2DD851571E86E50C00B85E62 /* Debug */,
				2DD851581E86E50C00B85E62 /* Release */,
			);
			defaultConfigurationIsVisible = 0;
			defaultConfigurationName = Release;
		};
		2DD851591E86E50C00B85E62 /* Build configuration list for PBXNativeTarget "TheUOS" */ = {
			isa = XCConfigurationList;
			buildConfigurations = (
				2DD8515A1E86E50C00B85E62 /* Debug */,
				2DD8515B1E86E50C00B85E62 /* Release */,
			);
			defaultConfigurationIsVisible = 0;
		};
		2DD8515C1E86E50C00B85E62 /* Build configuration list for PBXNativeTarget "TheUOSTests" */ = {
			isa = XCConfigurationList;
			buildConfigurations = (
				2DD8515D1E86E50C00B85E62 /* Debug */,
				2DD8515E1E86E50C00B85E62 /* Release */,
			);
			defaultConfigurationIsVisible = 0;
		};
/* End XCConfigurationList section */

/* Begin XCVersionGroup section */
		2DD851431E86E50C00B85E62 /* TheUOS.xcdatamodeld */ = {
			isa = XCVersionGroup;
			children = (
				2DD851441E86E50C00B85E62 /* TheUOS.xcdatamodel */,
			);
			currentVersion = 2DD851441E86E50C00B85E62 /* TheUOS.xcdatamodel */;
			path = TheUOS.xcdatamodeld;
			sourceTree = "<group>";
			versionGroupType = wrapper.xcdatamodel;
		};
/* End XCVersionGroup section */
	};
	rootObject = 2DD851311E86E50C00B85E62 /* Project object */;
}
